// !$*UTF8*$!
{
	archiveVersion = 1;
	classes = {
	};
	objectVersion = 56;
	objects = {

/* Begin PBXBuildFile section */
		067F9A7629B656A600D7622D /* AppDelegate.swift in Sources */ = {isa = PBXBuildFile; fileRef = 067F9A7529B656A600D7622D /* AppDelegate.swift */; };
		067F9A7829B656A600D7622D /* SceneDelegate.swift in Sources */ = {isa = PBXBuildFile; fileRef = 067F9A7729B656A600D7622D /* SceneDelegate.swift */; };
		067F9A7A29B656A600D7622D /* ViewController.swift in Sources */ = {isa = PBXBuildFile; fileRef = 067F9A7929B656A600D7622D /* ViewController.swift */; };
		067F9A7D29B656A600D7622D /* Main.storyboard in Resources */ = {isa = PBXBuildFile; fileRef = 067F9A7B29B656A600D7622D /* Main.storyboard */; };
		067F9A7F29B656A900D7622D /* Assets.xcassets in Resources */ = {isa = PBXBuildFile; fileRef = 067F9A7E29B656A900D7622D /* Assets.xcassets */; };
		067F9A8229B656A900D7622D /* LaunchScreen.storyboard in Resources */ = {isa = PBXBuildFile; fileRef = 067F9A8029B656A900D7622D /* LaunchScreen.storyboard */; };
		06F09F3329BCF20B00AF69EF /* SnapKit in Frameworks */ = {isa = PBXBuildFile; productRef = 06F09F3229BCF20B00AF69EF /* SnapKit */; };
		06F09F5529C7261500AF69EF /* ViewController+Operations.swift in Sources */ = {isa = PBXBuildFile; fileRef = 06F09F5429C7261500AF69EF /* ViewController+Operations.swift */; };
/* End PBXBuildFile section */

/* Begin PBXFileReference section */
		067F9A7229B656A600D7622D /* verstka.app */ = {isa = PBXFileReference; explicitFileType = wrapper.application; includeInIndex = 0; path = verstka.app; sourceTree = BUILT_PRODUCTS_DIR; };
		067F9A7529B656A600D7622D /* AppDelegate.swift */ = {isa = PBXFileReference; lastKnownFileType = sourcecode.swift; path = AppDelegate.swift; sourceTree = "<group>"; };
		067F9A7729B656A600D7622D /* SceneDelegate.swift */ = {isa = PBXFileReference; lastKnownFileType = sourcecode.swift; path = SceneDelegate.swift; sourceTree = "<group>"; };
		067F9A7929B656A600D7622D /* ViewController.swift */ = {isa = PBXFileReference; lastKnownFileType = sourcecode.swift; path = ViewController.swift; sourceTree = "<group>"; };
		067F9A7C29B656A600D7622D /* Base */ = {isa = PBXFileReference; lastKnownFileType = file.storyboard; name = Base; path = Base.lproj/Main.storyboard; sourceTree = "<group>"; };
		067F9A7E29B656A900D7622D /* Assets.xcassets */ = {isa = PBXFileReference; lastKnownFileType = folder.assetcatalog; path = Assets.xcassets; sourceTree = "<group>"; };
		067F9A8129B656A900D7622D /* Base */ = {isa = PBXFileReference; lastKnownFileType = file.storyboard; name = Base; path = Base.lproj/LaunchScreen.storyboard; sourceTree = "<group>"; };
		067F9A8329B656A900D7622D /* Info.plist */ = {isa = PBXFileReference; lastKnownFileType = text.plist.xml; path = Info.plist; sourceTree = "<group>"; };
		06F09F5429C7261500AF69EF /* ViewController+Operations.swift */ = {isa = PBXFileReference; lastKnownFileType = sourcecode.swift; path = "ViewController+Operations.swift"; sourceTree = "<group>"; };
/* End PBXFileReference section */

/* Begin PBXFrameworksBuildPhase section */
		067F9A6F29B656A600D7622D /* Frameworks */ = {
			isa = PBXFrameworksBuildPhase;
			buildActionMask = 2147483647;
			files = (
				06F09F3329BCF20B00AF69EF /* SnapKit in Frameworks */,
			);
			runOnlyForDeploymentPostprocessing = 0;
		};
/* End PBXFrameworksBuildPhase section */

/* Begin PBXGroup section */
		067F9A6929B656A600D7622D = {
			isa = PBXGroup;
			children = (
				067F9A7429B656A600D7622D /* verstka */,
				067F9A7329B656A600D7622D /* Products */,
			);
			sourceTree = "<group>";
		};
		067F9A7329B656A600D7622D /* Products */ = {
			isa = PBXGroup;
			children = (
				067F9A7229B656A600D7622D /* verstka.app */,
			);
			name = Products;
			sourceTree = "<group>";
		};
		067F9A7429B656A600D7622D /* verstka */ = {
			isa = PBXGroup;
			children = (
				067F9A7529B656A600D7622D /* AppDelegate.swift */,
				067F9A7729B656A600D7622D /* SceneDelegate.swift */,
				067F9A7929B656A600D7622D /* ViewController.swift */,
				06F09F5429C7261500AF69EF /* ViewController+Operations.swift */,
				067F9A7B29B656A600D7622D /* Main.storyboard */,
				067F9A7E29B656A900D7622D /* Assets.xcassets */,
				067F9A8029B656A900D7622D /* LaunchScreen.storyboard */,
				067F9A8329B656A900D7622D /* Info.plist */,
			);
			path = verstka;
			sourceTree = "<group>";
		};
/* End PBXGroup section */

/* Begin PBXNativeTarget section */
		067F9A7129B656A600D7622D /* verstka */ = {
			isa = PBXNativeTarget;
			buildConfigurationList = 067F9A8629B656A900D7622D /* Build configuration list for PBXNativeTarget "verstka" */;
			buildPhases = (
				067F9A6E29B656A600D7622D /* Sources */,
				067F9A6F29B656A600D7622D /* Frameworks */,
				067F9A7029B656A600D7622D /* Resources */,
			);
			buildRules = (
			);
			dependencies = (
			);
			name = verstka;
			packageProductDependencies = (
				06F09F3229BCF20B00AF69EF /* SnapKit */,
			);
			productName = verstka;
			productReference = 067F9A7229B656A600D7622D /* verstka.app */;
			productType = "com.apple.product-type.application";
		};
/* End PBXNativeTarget section */

/* Begin PBXProject section */
		067F9A6A29B656A600D7622D /* Project object */ = {
			isa = PBXProject;
			attributes = {
				BuildIndependentTargetsInParallel = 1;
				LastSwiftUpdateCheck = 1420;
				LastUpgradeCheck = 1420;
				TargetAttributes = {
					067F9A7129B656A600D7622D = {
						CreatedOnToolsVersion = 14.2;
					};
				};
			};
			buildConfigurationList = 067F9A6D29B656A600D7622D /* Build configuration list for PBXProject "verstka" */;
			compatibilityVersion = "Xcode 14.0";
			developmentRegion = en;
			hasScannedForEncodings = 0;
			knownRegions = (
				en,
				Base,
			);
			mainGroup = 067F9A6929B656A600D7622D;
			packageReferences = (
				06F09F3129BCF20B00AF69EF /* XCRemoteSwiftPackageReference "snapkit" */,
			);
			productRefGroup = 067F9A7329B656A600D7622D /* Products */;
			projectDirPath = "";
			projectRoot = "";
			targets = (
				067F9A7129B656A600D7622D /* verstka */,
			);
		};
/* End PBXProject section */

/* Begin PBXResourcesBuildPhase section */
		067F9A7029B656A600D7622D /* Resources */ = {
			isa = PBXResourcesBuildPhase;
			buildActionMask = 2147483647;
			files = (
				067F9A8229B656A900D7622D /* LaunchScreen.storyboard in Resources */,
				067F9A7F29B656A900D7622D /* Assets.xcassets in Resources */,
				067F9A7D29B656A600D7622D /* Main.storyboard in Resources */,
			);
			runOnlyForDeploymentPostprocessing = 0;
		};
/* End PBXResourcesBuildPhase section */

/* Begin PBXSourcesBuildPhase section */
		067F9A6E29B656A600D7622D /* Sources */ = {
			isa = PBXSourcesBuildPhase;
			buildActionMask = 2147483647;
			files = (
				06F09F5529C7261500AF69EF /* ViewController+Operations.swift in Sources */,
				067F9A7A29B656A600D7622D /* ViewController.swift in Sources */,
				067F9A7629B656A600D7622D /* AppDelegate.swift in Sources */,
				067F9A7829B656A600D7622D /* SceneDelegate.swift in Sources */,
			);
			runOnlyForDeploymentPostprocessing = 0;
		};
/* End PBXSourcesBuildPhase section */

/* Begin PBXVariantGroup section */
		067F9A7B29B656A600D7622D /* Main.storyboard */ = {
			isa = PBXVariantGroup;
			children = (
				067F9A7C29B656A600D7622D /* Base */,
			);
			name = Main.storyboard;
			sourceTree = "<group>";
		};
		067F9A8029B656A900D7622D /* LaunchScreen.storyboard */ = {
			isa = PBXVariantGroup;
			children = (
				067F9A8129B656A900D7622D /* Base */,
			);
			name = LaunchScreen.storyboard;
			sourceTree = "<group>";
		};
/* End PBXVariantGroup section */

/* Begin XCBuildConfiguration section */
		067F9A8429B656A900D7622D /* Debug */ = {
			isa = XCBuildConfiguration;
			buildSettings = {
				ALWAYS_SEARCH_USER_PATHS = NO;
				CLANG_ANALYZER_NONNULL = YES;
				CLANG_ANALYZER_NUMBER_OBJECT_CONVERSION = YES_AGGRESSIVE;
				CLANG_CXX_LANGUAGE_STANDARD = "gnu++20";
				CLANG_ENABLE_MODULES = YES;
				CLANG_ENABLE_OBJC_ARC = YES;
				CLANG_ENABLE_OBJC_WEAK = YES;
				CLANG_WARN_BLOCK_CAPTURE_AUTORELEASING = YES;
				CLANG_WARN_BOOL_CONVERSION = YES;
				CLANG_WARN_COMMA = YES;
				CLANG_WARN_CONSTANT_CONVERSION = YES;
				CLANG_WARN_DEPRECATED_OBJC_IMPLEMENTATIONS = YES;
				CLANG_WARN_DIRECT_OBJC_ISA_USAGE = YES_ERROR;
				CLANG_WARN_DOCUMENTATION_COMMENTS = YES;
				CLANG_WARN_EMPTY_BODY = YES;
				CLANG_WARN_ENUM_CONVERSION = YES;
				CLANG_WARN_INFINITE_RECURSION = YES;
				CLANG_WARN_INT_CONVERSION = YES;
				CLANG_WARN_NON_LITERAL_NULL_CONVERSION = YES;
				CLANG_WARN_OBJC_IMPLICIT_RETAIN_SELF = YES;
				CLANG_WARN_OBJC_LITERAL_CONVERSION = YES;
				CLANG_WARN_OBJC_ROOT_CLASS = YES_ERROR;
				CLANG_WARN_QUOTED_INCLUDE_IN_FRAMEWORK_HEADER = YES;
				CLANG_WARN_RANGE_LOOP_ANALYSIS = YES;
				CLANG_WARN_STRICT_PROTOTYPES = YES;
				CLANG_WARN_SUSPICIOUS_MOVE = YES;
				CLANG_WARN_UNGUARDED_AVAILABILITY = YES_AGGRESSIVE;
				CLANG_WARN_UNREACHABLE_CODE = YES;
				CLANG_WARN__DUPLICATE_METHOD_MATCH = YES;
				COPY_PHASE_STRIP = NO;
				DEBUG_INFORMATION_FORMAT = dwarf;
				ENABLE_STRICT_OBJC_MSGSEND = YES;
				ENABLE_TESTABILITY = YES;
				GCC_C_LANGUAGE_STANDARD = gnu11;
				GCC_DYNAMIC_NO_PIC = NO;
				GCC_NO_COMMON_BLOCKS = YES;
				GCC_OPTIMIZATION_LEVEL = 0;
				GCC_PREPROCESSOR_DEFINITIONS = (
					"DEBUG=1",
					"$(inherited)",
				);
				GCC_WARN_64_TO_32_BIT_CONVERSION = YES;
				GCC_WARN_ABOUT_RETURN_TYPE = YES_ERROR;
				GCC_WARN_UNDECLARED_SELECTOR = YES;
				GCC_WARN_UNINITIALIZED_AUTOS = YES_AGGRESSIVE;
				GCC_WARN_UNUSED_FUNCTION = YES;
				GCC_WARN_UNUSED_VARIABLE = YES;
				IPHONEOS_DEPLOYMENT_TARGET = 16.2;
				MTL_ENABLE_DEBUG_INFO = INCLUDE_SOURCE;
				MTL_FAST_MATH = YES;
				ONLY_ACTIVE_ARCH = YES;
				SDKROOT = iphoneos;
				SWIFT_ACTIVE_COMPILATION_CONDITIONS = DEBUG;
				SWIFT_OPTIMIZATION_LEVEL = "-Onone";
			};
			name = Debug;
		};
		067F9A8529B656A900D7622D /* Release */ = {
			isa = XCBuildConfiguration;
			buildSettings = {
				ALWAYS_SEARCH_USER_PATHS = NO;
				CLANG_ANALYZER_NONNULL = YES;
				CLANG_ANALYZER_NUMBER_OBJECT_CONVERSION = YES_AGGRESSIVE;
				CLANG_CXX_LANGUAGE_STANDARD = "gnu++20";
				CLANG_ENABLE_MODULES = YES;
				CLANG_ENABLE_OBJC_ARC = YES;
				CLANG_ENABLE_OBJC_WEAK = YES;
				CLANG_WARN_BLOCK_CAPTURE_AUTORELEASING = YES;
				CLANG_WARN_BOOL_CONVERSION = YES;
				CLANG_WARN_COMMA = YES;
				CLANG_WARN_CONSTANT_CONVERSION = YES;
				CLANG_WARN_DEPRECATED_OBJC_IMPLEMENTATIONS = YES;
				CLANG_WARN_DIRECT_OBJC_ISA_USAGE = YES_ERROR;
				CLANG_WARN_DOCUMENTATION_COMMENTS = YES;
				CLANG_WARN_EMPTY_BODY = YES;
				CLANG_WARN_ENUM_CONVERSION = YES;
				CLANG_WARN_INFINITE_RECURSION = YES;
				CLANG_WARN_INT_CONVERSION = YES;
				CLANG_WARN_NON_LITERAL_NULL_CONVERSION = YES;
				CLANG_WARN_OBJC_IMPLICIT_RETAIN_SELF = YES;
				CLANG_WARN_OBJC_LITERAL_CONVERSION = YES;
				CLANG_WARN_OBJC_ROOT_CLASS = YES_ERROR;
				CLANG_WARN_QUOTED_INCLUDE_IN_FRAMEWORK_HEADER = YES;
				CLANG_WARN_RANGE_LOOP_ANALYSIS = YES;
				CLANG_WARN_STRICT_PROTOTYPES = YES;
				CLANG_WARN_SUSPICIOUS_MOVE = YES;
				CLANG_WARN_UNGUARDED_AVAILABILITY = YES_AGGRESSIVE;
				CLANG_WARN_UNREACHABLE_CODE = YES;
				CLANG_WARN__DUPLICATE_METHOD_MATCH = YES;
				COPY_PHASE_STRIP = NO;
				DEBUG_INFORMATION_FORMAT = "dwarf-with-dsym";
				ENABLE_NS_ASSERTIONS = NO;
				ENABLE_STRICT_OBJC_MSGSEND = YES;
				GCC_C_LANGUAGE_STANDARD = gnu11;
				GCC_NO_COMMON_BLOCKS = YES;
				GCC_WARN_64_TO_32_BIT_CONVERSION = YES;
				GCC_WARN_ABOUT_RETURN_TYPE = YES_ERROR;
				GCC_WARN_UNDECLARED_SELECTOR = YES;
				GCC_WARN_UNINITIALIZED_AUTOS = YES_AGGRESSIVE;
				GCC_WARN_UNUSED_FUNCTION = YES;
				GCC_WARN_UNUSED_VARIABLE = YES;
				IPHONEOS_DEPLOYMENT_TARGET = 16.2;
				MTL_ENABLE_DEBUG_INFO = NO;
				MTL_FAST_MATH = YES;
				SDKROOT = iphoneos;
				SWIFT_COMPILATION_MODE = wholemodule;
				SWIFT_OPTIMIZATION_LEVEL = "-O";
				VALIDATE_PRODUCT = YES;
			};
			name = Release;
		};
		067F9A8729B656A900D7622D /* Debug */ = {
			isa = XCBuildConfiguration;
			buildSettings = {
				ASSETCATALOG_COMPILER_APPICON_NAME = AppIcon;
				ASSETCATALOG_COMPILER_GLOBAL_ACCENT_COLOR_NAME = AccentColor;
				CODE_SIGN_STYLE = Automatic;
				CURRENT_PROJECT_VERSION = 1;
				DEVELOPMENT_TEAM = C26R7682J9;
				GENERATE_INFOPLIST_FILE = YES;
				INFOPLIST_FILE = verstka/Info.plist;
				INFOPLIST_KEY_UIApplicationSupportsIndirectInputEvents = YES;
				INFOPLIST_KEY_UILaunchStoryboardName = LaunchScreen;
				INFOPLIST_KEY_UIMainStoryboardFile = Main;
				INFOPLIST_KEY_UISupportedInterfaceOrientations_iPad = "UIInterfaceOrientationPortrait UIInterfaceOrientationPortraitUpsideDown UIInterfaceOrientationLandscapeLeft UIInterfaceOrientationLandscapeRight";
				INFOPLIST_KEY_UISupportedInterfaceOrientations_iPhone = "UIInterfaceOrientationPortrait UIInterfaceOrientationLandscapeLeft UIInterfaceOrientationLandscapeRight";
				LD_RUNPATH_SEARCH_PATHS = (
					"$(inherited)",
					"@executable_path/Frameworks",
				);
				MARKETING_VERSION = 1.0;
				PRODUCT_BUNDLE_IDENTIFIER = "-23.verstka";
				PRODUCT_NAME = "$(TARGET_NAME)";
				SWIFT_EMIT_LOC_STRINGS = YES;
				SWIFT_VERSION = 5.0;
				TARGETED_DEVICE_FAMILY = "1,2";
			};
			name = Debug;
		};
		067F9A8829B656A900D7622D /* Release */ = {
			isa = XCBuildConfiguration;
			buildSettings = {
				ASSETCATALOG_COMPILER_APPICON_NAME = AppIcon;
				ASSETCATALOG_COMPILER_GLOBAL_ACCENT_COLOR_NAME = AccentColor;
				CODE_SIGN_STYLE = Automatic;
				CURRENT_PROJECT_VERSION = 1;
				DEVELOPMENT_TEAM = C26R7682J9;
				GENERATE_INFOPLIST_FILE = YES;
				INFOPLIST_FILE = verstka/Info.plist;
				INFOPLIST_KEY_UIApplicationSupportsIndirectInputEvents = YES;
				INFOPLIST_KEY_UILaunchStoryboardName = LaunchScreen;
				INFOPLIST_KEY_UIMainStoryboardFile = Main;
				INFOPLIST_KEY_UISupportedInterfaceOrientations_iPad = "UIInterfaceOrientationPortrait UIInterfaceOrientationPortraitUpsideDown UIInterfaceOrientationLandscapeLeft UIInterfaceOrientationLandscapeRight";
				INFOPLIST_KEY_UISupportedInterfaceOrientations_iPhone = "UIInterfaceOrientationPortrait UIInterfaceOrientationLandscapeLeft UIInterfaceOrientationLandscapeRight";
				LD_RUNPATH_SEARCH_PATHS = (
					"$(inherited)",
					"@executable_path/Frameworks",
				);
				MARKETING_VERSION = 1.0;
				PRODUCT_BUNDLE_IDENTIFIER = "-23.verstka";
				PRODUCT_NAME = "$(TARGET_NAME)";
				SWIFT_EMIT_LOC_STRINGS = YES;
				SWIFT_VERSION = 5.0;
				TARGETED_DEVICE_FAMILY = "1,2";
			};
			name = Release;
		};
/* End XCBuildConfiguration section */

/* Begin XCConfigurationList section */
		067F9A6D29B656A600D7622D /* Build configuration list for PBXProject "verstka" */ = {
			isa = XCConfigurationList;
			buildConfigurations = (
				067F9A8429B656A900D7622D /* Debug */,
				067F9A8529B656A900D7622D /* Release */,
			);
			defaultConfigurationIsVisible = 0;
			defaultConfigurationName = Release;
		};
		067F9A8629B656A900D7622D /* Build configuration list for PBXNativeTarget "verstka" */ = {
			isa = XCConfigurationList;
			buildConfigurations = (
				067F9A8729B656A900D7622D /* Debug */,
				067F9A8829B656A900D7622D /* Release */,
			);
			defaultConfigurationIsVisible = 0;
			defaultConfigurationName = Release;
		};
/* End XCConfigurationList section */

/* Begin XCRemoteSwiftPackageReference section */
		06F09F3129BCF20B00AF69EF /* XCRemoteSwiftPackageReference "snapkit" */ = {
			isa = XCRemoteSwiftPackageReference;
			repositoryURL = "https://github.com/snapkit/snapkit";
			requirement = {
				kind = upToNextMajorVersion;
				minimumVersion = 5.0.0;
			};
		};
/* End XCRemoteSwiftPackageReference section */

/* Begin XCSwiftPackageProductDependency section */
		06F09F3229BCF20B00AF69EF /* SnapKit */ = {
			isa = XCSwiftPackageProductDependency;
			package = 06F09F3129BCF20B00AF69EF /* XCRemoteSwiftPackageReference "snapkit" */;
			productName = SnapKit;
		};
/* End XCSwiftPackageProductDependency section */
	};
	rootObject = 067F9A6A29B656A600D7622D /* Project object */;
}
